
Microsoft Visual Studio Solution File, Format Version 12.00
# Visual Studio 15
VisualStudioVersion = 15.0.27729.1
MinimumVisualStudioVersion = 10.0.40219.1
Project("{9A19103F-16F7-4668-BE54-9A1E7A4F7556}") = "Common", "Common\Common.csproj", "{ACBAA265-B223-4627-AA2C-EB9384803C11}"
EndProject
Project("{FAE04EC0-301F-11D3-BF4B-00C04F79EFBC}") = "Tests", "Tests\Tests.csproj", "{28537B73-B9B9-4CBD-9AF1-A0FAF5233456}"
EndProject
Project("{FAE04EC0-301F-11D3-BF4B-00C04F79EFBC}") = "DesktopApp", "DesktopApp\DesktopApp.csproj", "{F1C40E86-E761-4A21-9F95-A11989208952}"
EndProject
Global
	GlobalSection(SolutionConfigurationPlatforms) = preSolution
		Debug|Any CPU = Debug|Any CPU
		Release|Any CPU = Release|Any CPU
	EndGlobalSection
	GlobalSection(ProjectConfigurationPlatforms) = postSolution
		{ACBAA265-B223-4627-AA2C-EB9384803C11}.Debug|Any CPU.ActiveCfg = Debug|Any CPU
		{ACBAA265-B223-4627-AA2C-EB9384803C11}.Debug|Any CPU.Build.0 = Debug|Any CPU
		{ACBAA265-B223-4627-AA2C-EB9384803C11}.Release|Any CPU.ActiveCfg = Release|Any CPU
		{ACBAA265-B223-4627-AA2C-EB9384803C11}.Release|Any CPU.Build.0 = Release|Any CPU
		{28537B73-B9B9-4CBD-9AF1-A0FAF5233456}.Debug|Any CPU.ActiveCfg = Debug|Any CPU
		{28537B73-B9B9-4CBD-9AF1-A0FAF5233456}.Debug|Any CPU.Build.0 = Debug|Any CPU
		{28537B73-B9B9-4CBD-9AF1-A0FAF5233456}.Release|Any CPU.ActiveCfg = Release|Any CPU
		{28537B73-B9B9-4CBD-9AF1-A0FAF5233456}.Release|Any CPU.Build.0 = Release|Any CPU
		{F1C40E86-E761-4A21-9F95-A11989208952}.Debug|Any CPU.ActiveCfg = Debug|Any CPU
		{F1C40E86-E761-4A21-9F95-A11989208952}.Debug|Any CPU.Build.0 = Debug|Any CPU
		{F1C40E86-E761-4A21-9F95-A11989208952}.Release|Any CPU.ActiveCfg = Release|Any CPU
		{F1C40E86-E761-4A21-9F95-A11989208952}.Release|Any CPU.Build.0 = Release|Any CPU
	EndGlobalSection
	GlobalSection(SolutionProperties) = preSolution
		HideSolutionNode = FALSE
	EndGlobalSection
	GlobalSection(ExtensibilityGlobals) = postSolution
		SolutionGuid = {F7DEB89F-4A45-40A3-AD78-B94C88878822}
	EndGlobalSection
EndGlobal
